
Microsoft Visual Studio Solution File, Format Version 12.00
# Visual Studio Version 16
VisualStudioVersion = 16.0.29613.14
MinimumVisualStudioVersion = 10.0.40219.1
Project("{FAE04EC0-301F-11D3-BF4B-00C04F79EFBC}") = "YasayanKutuphane", "YasayanKutuphane.csproj", "{2FF16996-5ABD-482A-A25E-7D48DC4A9DB7}"
	ProjectSection(ProjectDependencies) = postProject
		{31A3CA18-D1BB-4DCF-BE9B-48D89907C06D} = {31A3CA18-D1BB-4DCF-BE9B-48D89907C06D}
		{CB053658-58F3-4364-B42F-E5FE2AC91C8A} = {CB053658-58F3-4364-B42F-E5FE2AC91C8A}
	EndProjectSection
EndProject
Project("{FAE04EC0-301F-11D3-BF4B-00C04F79EFBC}") = "YasayanKutuphane.Models", "..\YasayanKutuphane.Models\YasayanKutuphane.Models.csproj", "{CB053658-58F3-4364-B42F-E5FE2AC91C8A}"
EndProject
Project("{FAE04EC0-301F-11D3-BF4B-00C04F79EFBC}") = "YasayanKutuphane.Data", "..\YasayanKutuphane.Data\YasayanKutuphane.Data.csproj", "{31A3CA18-D1BB-4DCF-BE9B-48D89907C06D}"
	ProjectSection(ProjectDependencies) = postProject
		{CB053658-58F3-4364-B42F-E5FE2AC91C8A} = {CB053658-58F3-4364-B42F-E5FE2AC91C8A}
	EndProjectSection
EndProject
Global
	GlobalSection(SolutionConfigurationPlatforms) = preSolution
		Debug|Any CPU = Debug|Any CPU
		Release|Any CPU = Release|Any CPU
	EndGlobalSection
	GlobalSection(ProjectConfigurationPlatforms) = postSolution
		{2FF16996-5ABD-482A-A25E-7D48DC4A9DB7}.Debug|Any CPU.ActiveCfg = Debug|Any CPU
		{2FF16996-5ABD-482A-A25E-7D48DC4A9DB7}.Debug|Any CPU.Build.0 = Debug|Any CPU
		{2FF16996-5ABD-482A-A25E-7D48DC4A9DB7}.Release|Any CPU.ActiveCfg = Release|Any CPU
		{2FF16996-5ABD-482A-A25E-7D48DC4A9DB7}.Release|Any CPU.Build.0 = Release|Any CPU
		{CB053658-58F3-4364-B42F-E5FE2AC91C8A}.Debug|Any CPU.ActiveCfg = Debug|Any CPU
		{CB053658-58F3-4364-B42F-E5FE2AC91C8A}.Debug|Any CPU.Build.0 = Debug|Any CPU
		{CB053658-58F3-4364-B42F-E5FE2AC91C8A}.Release|Any CPU.ActiveCfg = Release|Any CPU
		{CB053658-58F3-4364-B42F-E5FE2AC91C8A}.Release|Any CPU.Build.0 = Release|Any CPU
		{31A3CA18-D1BB-4DCF-BE9B-48D89907C06D}.Debug|Any CPU.ActiveCfg = Debug|Any CPU
		{31A3CA18-D1BB-4DCF-BE9B-48D89907C06D}.Debug|Any CPU.Build.0 = Debug|Any CPU
		{31A3CA18-D1BB-4DCF-BE9B-48D89907C06D}.Release|Any CPU.ActiveCfg = Release|Any CPU
		{31A3CA18-D1BB-4DCF-BE9B-48D89907C06D}.Release|Any CPU.Build.0 = Release|Any CPU
	EndGlobalSection
	GlobalSection(SolutionProperties) = preSolution
		HideSolutionNode = FALSE
	EndGlobalSection
	GlobalSection(ExtensibilityGlobals) = postSolution
		SolutionGuid = {D8F02B0F-48C3-4E01-A6A6-2D50AEE5D9B8}
	EndGlobalSection
EndGlobal
